
Microsoft Visual Studio Solution File, Format Version 12.00
# Visual Studio 2015
Project("{FAE04EC0-301F-11D3-BF4B-00C04F79EFBC}") = "Mouse Game.CSharp", "Mouse Game.CSharp.csproj", "{123CD97F-7E26-470F-76BB-BE9183F6FBCC}"
EndProject
Global
	GlobalSection(SolutionConfigurationPlatforms) = preSolution
		Debug|Any CPU = Debug|Any CPU
		Release|Any CPU = Release|Any CPU
	EndGlobalSection
	GlobalSection(ProjectConfigurationPlatforms) = postSolution
		{123CD97F-7E26-470F-76BB-BE9183F6FBCC}.Debug|Any CPU.ActiveCfg = Debug|Any CPU
		{123CD97F-7E26-470F-76BB-BE9183F6FBCC}.Debug|Any CPU.Build.0 = Debug|Any CPU
		{123CD97F-7E26-470F-76BB-BE9183F6FBCC}.Release|Any CPU.ActiveCfg = Release|Any CPU
		{123CD97F-7E26-470F-76BB-BE9183F6FBCC}.Release|Any CPU.Build.0 = Release|Any CPU
	EndGlobalSection
	GlobalSection(SolutionProperties) = preSolution
		HideSolutionNode = FALSE
	EndGlobalSection
EndGlobal
